
Microsoft Visual Studio Solution File, Format Version 12.00
# Visual Studio Version 17
VisualStudioVersion = 17.2.32616.157
MinimumVisualStudioVersion = 10.0.40219.1
Project("{FAE04EC0-301F-11D3-BF4B-00C04F79EFBC}") = "DataBassTest", "DataBassTest\DataBassTest.csproj", "{6B6AB125-5D8B-4453-8A53-BED42EEF9F91}"
EndProject
Global
	GlobalSection(SolutionConfigurationPlatforms) = preSolution
		Debug|Any CPU = Debug|Any CPU
		Release|Any CPU = Release|Any CPU
	EndGlobalSection
	GlobalSection(ProjectConfigurationPlatforms) = postSolution
		{6B6AB125-5D8B-4453-8A53-BED42EEF9F91}.Debug|Any CPU.ActiveCfg = Debug|Any CPU
		{6B6AB125-5D8B-4453-8A53-BED42EEF9F91}.Debug|Any CPU.Build.0 = Debug|Any CPU
		{6B6AB125-5D8B-4453-8A53-BED42EEF9F91}.Release|Any CPU.ActiveCfg = Release|Any CPU
		{6B6AB125-5D8B-4453-8A53-BED42EEF9F91}.Release|Any CPU.Build.0 = Release|Any CPU
	EndGlobalSection
	GlobalSection(SolutionProperties) = preSolution
		HideSolutionNode = FALSE
	EndGlobalSection
	GlobalSection(ExtensibilityGlobals) = postSolution
		SolutionGuid = {D73FC117-93F4-4A97-B5F3-ACA94F2CC0CD}
	EndGlobalSection
EndGlobal
